
Microsoft Visual Studio Solution File, Format Version 12.00
# Visual Studio Version 16
VisualStudioVersion = 16.0.30503.244
MinimumVisualStudioVersion = 10.0.40219.1
Project("{FAE04EC0-301F-11D3-BF4B-00C04F79EFBC}") = "task3", "task3\task3.csproj", "{D734BBFD-12FB-4CAA-8D76-8D16A2FB2966}"
EndProject
Project("{FAE04EC0-301F-11D3-BF4B-00C04F79EFBC}") = "Task2", "Task2\Task2.csproj", "{B5E903BB-CA4C-4D02-8A03-92891387B3CE}"
EndProject
Project("{2150E333-8FDC-42A3-9474-1A3956D46DE8}") = "Solution Items", "Solution Items", "{3292C48E-B17E-494B-AEFE-EADB951AE529}"
	ProjectSection(SolutionItems) = preProject
		Task2\queue.cs = Task2\queue.cs
	EndProjectSection
EndProject
Project("{FAE04EC0-301F-11D3-BF4B-00C04F79EFBC}") = "Task4", "Task4\Task4.csproj", "{B2EA5AA1-59E0-4137-A277-D5725099074A}"
EndProject
Project("{FAE04EC0-301F-11D3-BF4B-00C04F79EFBC}") = "Task1", "Task1\Task1.csproj", "{8CE67B3C-13C0-4E54-8549-D473147B3B24}"
EndProject
Project("{FAE04EC0-301F-11D3-BF4B-00C04F79EFBC}") = "Task5", "Task5\Task5.csproj", "{651CC0F9-0E6B-412B-BDA2-0F9C8EE207A3}"
EndProject
Global
	GlobalSection(SolutionConfigurationPlatforms) = preSolution
		Debug|Any CPU = Debug|Any CPU
		Release|Any CPU = Release|Any CPU
	EndGlobalSection
	GlobalSection(ProjectConfigurationPlatforms) = postSolution
		{D734BBFD-12FB-4CAA-8D76-8D16A2FB2966}.Debug|Any CPU.ActiveCfg = Debug|Any CPU
		{D734BBFD-12FB-4CAA-8D76-8D16A2FB2966}.Debug|Any CPU.Build.0 = Debug|Any CPU
		{D734BBFD-12FB-4CAA-8D76-8D16A2FB2966}.Release|Any CPU.ActiveCfg = Release|Any CPU
		{D734BBFD-12FB-4CAA-8D76-8D16A2FB2966}.Release|Any CPU.Build.0 = Release|Any CPU
		{B5E903BB-CA4C-4D02-8A03-92891387B3CE}.Debug|Any CPU.ActiveCfg = Debug|Any CPU
		{B5E903BB-CA4C-4D02-8A03-92891387B3CE}.Debug|Any CPU.Build.0 = Debug|Any CPU
		{B5E903BB-CA4C-4D02-8A03-92891387B3CE}.Release|Any CPU.ActiveCfg = Release|Any CPU
		{B5E903BB-CA4C-4D02-8A03-92891387B3CE}.Release|Any CPU.Build.0 = Release|Any CPU
		{B2EA5AA1-59E0-4137-A277-D5725099074A}.Debug|Any CPU.ActiveCfg = Debug|Any CPU
		{B2EA5AA1-59E0-4137-A277-D5725099074A}.Debug|Any CPU.Build.0 = Debug|Any CPU
		{B2EA5AA1-59E0-4137-A277-D5725099074A}.Release|Any CPU.ActiveCfg = Release|Any CPU
		{B2EA5AA1-59E0-4137-A277-D5725099074A}.Release|Any CPU.Build.0 = Release|Any CPU
		{8CE67B3C-13C0-4E54-8549-D473147B3B24}.Debug|Any CPU.ActiveCfg = Debug|Any CPU
		{8CE67B3C-13C0-4E54-8549-D473147B3B24}.Debug|Any CPU.Build.0 = Debug|Any CPU
		{8CE67B3C-13C0-4E54-8549-D473147B3B24}.Release|Any CPU.ActiveCfg = Release|Any CPU
		{8CE67B3C-13C0-4E54-8549-D473147B3B24}.Release|Any CPU.Build.0 = Release|Any CPU
		{651CC0F9-0E6B-412B-BDA2-0F9C8EE207A3}.Debug|Any CPU.ActiveCfg = Debug|Any CPU
		{651CC0F9-0E6B-412B-BDA2-0F9C8EE207A3}.Debug|Any CPU.Build.0 = Debug|Any CPU
		{651CC0F9-0E6B-412B-BDA2-0F9C8EE207A3}.Release|Any CPU.ActiveCfg = Release|Any CPU
		{651CC0F9-0E6B-412B-BDA2-0F9C8EE207A3}.Release|Any CPU.Build.0 = Release|Any CPU
	EndGlobalSection
	GlobalSection(SolutionProperties) = preSolution
		HideSolutionNode = FALSE
	EndGlobalSection
	GlobalSection(ExtensibilityGlobals) = postSolution
		SolutionGuid = {EF4BC080-095B-4CB4-87B2-BE55D6C7E465}
	EndGlobalSection
EndGlobal
